
Microsoft Visual Studio Solution File, Format Version 12.00
Project("{FAE04EC0-301F-11D3-BF4B-00C04F79EFBC}") = "Lens", "Lens\Lens.csproj", "{3B26AA2E-0BA2-42DC-AD62-E6C8617F9E4D}"
EndProject
Project("{FAE04EC0-301F-11D3-BF4B-00C04F79EFBC}") = "Aseprite", "Aseprite\Aseprite.csproj", "{13C6F252-0B3C-4A22-A9DB-270C76657FAB}"
EndProject
Project("{FAE04EC0-301F-11D3-BF4B-00C04F79EFBC}") = "BurningKnight", "BurningKnight\BurningKnight.csproj", "{D31D0D40-105E-47D5-A5D0-F6E30328BF86}"
EndProject
Project("{FAE04EC0-301F-11D3-BF4B-00C04F79EFBC}") = "VelcroPhysics.MonoGame", "VelcroPhysics\VelcroPhysics.MonoGame.csproj", "{4650BD15-4B03-4A7E-98D4-9F8697ED2EB4}"
EndProject
Project("{FAE04EC0-301F-11D3-BF4B-00C04F79EFBC}") = "TestMod", "TestMod\TestMod.csproj", "{9692B960-C67C-430D-AB9F-BC0F5CA74265}"
EndProject
Project("{FAE04EC0-301F-11D3-BF4B-00C04F79EFBC}") = "DesktopLinux", "DesktopLinux\DesktopLinux.csproj", "{709AFE81-A140-4C07-A2D0-71AC8CEB9FC6}"
EndProject
Global
	GlobalSection(SolutionConfigurationPlatforms) = preSolution
		Debug|Any CPU = Debug|Any CPU
		Release|Any CPU = Release|Any CPU
	EndGlobalSection
	GlobalSection(ProjectConfigurationPlatforms) = postSolution
		{3B26AA2E-0BA2-42DC-AD62-E6C8617F9E4D}.Debug|Any CPU.ActiveCfg = Debug|Any CPU
		{3B26AA2E-0BA2-42DC-AD62-E6C8617F9E4D}.Debug|Any CPU.Build.0 = Debug|Any CPU
		{3B26AA2E-0BA2-42DC-AD62-E6C8617F9E4D}.Release|Any CPU.ActiveCfg = Release|Any CPU
		{3B26AA2E-0BA2-42DC-AD62-E6C8617F9E4D}.Release|Any CPU.Build.0 = Release|Any CPU
		{13C6F252-0B3C-4A22-A9DB-270C76657FAB}.Debug|Any CPU.ActiveCfg = Debug|Any CPU
		{13C6F252-0B3C-4A22-A9DB-270C76657FAB}.Debug|Any CPU.Build.0 = Debug|Any CPU
		{13C6F252-0B3C-4A22-A9DB-270C76657FAB}.Release|Any CPU.ActiveCfg = Release|Any CPU
		{13C6F252-0B3C-4A22-A9DB-270C76657FAB}.Release|Any CPU.Build.0 = Release|Any CPU
		{D31D0D40-105E-47D5-A5D0-F6E30328BF86}.Debug|Any CPU.ActiveCfg = Debug|Any CPU
		{D31D0D40-105E-47D5-A5D0-F6E30328BF86}.Debug|Any CPU.Build.0 = Debug|Any CPU
		{D31D0D40-105E-47D5-A5D0-F6E30328BF86}.Release|Any CPU.ActiveCfg = Release|Any CPU
		{D31D0D40-105E-47D5-A5D0-F6E30328BF86}.Release|Any CPU.Build.0 = Release|Any CPU
		{4650BD15-4B03-4A7E-98D4-9F8697ED2EB4}.Debug|Any CPU.ActiveCfg = Debug|Any CPU
		{4650BD15-4B03-4A7E-98D4-9F8697ED2EB4}.Debug|Any CPU.Build.0 = Debug|Any CPU
		{4650BD15-4B03-4A7E-98D4-9F8697ED2EB4}.Release|Any CPU.ActiveCfg = Release|Any CPU
		{4650BD15-4B03-4A7E-98D4-9F8697ED2EB4}.Release|Any CPU.Build.0 = Release|Any CPU
		{9692B960-C67C-430D-AB9F-BC0F5CA74265}.Debug|Any CPU.ActiveCfg = Debug|Any CPU
		{9692B960-C67C-430D-AB9F-BC0F5CA74265}.Debug|Any CPU.Build.0 = Debug|Any CPU
		{9692B960-C67C-430D-AB9F-BC0F5CA74265}.Release|Any CPU.ActiveCfg = Release|Any CPU
		{9692B960-C67C-430D-AB9F-BC0F5CA74265}.Release|Any CPU.Build.0 = Release|Any CPU
		{709AFE81-A140-4C07-A2D0-71AC8CEB9FC6}.Debug|Any CPU.ActiveCfg = Debug|Any CPU
		{709AFE81-A140-4C07-A2D0-71AC8CEB9FC6}.Debug|Any CPU.Build.0 = Debug|Any CPU
		{709AFE81-A140-4C07-A2D0-71AC8CEB9FC6}.Release|Any CPU.ActiveCfg = Release|Any CPU
		{709AFE81-A140-4C07-A2D0-71AC8CEB9FC6}.Release|Any CPU.Build.0 = Release|Any CPU
	EndGlobalSection
EndGlobal
